{
  "name": "@pothos-examples/simple-interfaces",
  "version": "2.4.40",
  "lockfileVersion": 3,
  "requires": true,
  "packages": {
    "": {
      "name": "@pothos-examples/simple-interfaces",
      "version": "2.4.40",
      "dependencies": {
        "@faker-js/faker": "^8.3.1",
        "@pothos/core": "^3.41.0",
        "graphql": "16.8.1",
        "graphql-yoga": "5.0.1"
      }
    },
    "node_modules/@envelop/core": {
      "version": "5.0.0",
      "resolved": "https://registry.npmjs.org/@envelop/core/-/core-5.0.0.tgz",
      "integrity": "sha512-aJdnH/ptv+cvwfvciCBe7TSvccBwo9g0S5f6u35TBVzRVqIGkK03lFlIL+x1cnfZgN9EfR2b1PH2galrT1CdCQ==",
      "dependencies": {
        "@envelop/types": "5.0.0",
        "tslib": "^2.5.0"
      },
      "engines": {
        "node": ">=18.0.0"
      }
    },
    "node_modules/@envelop/types": {
      "version": "5.0.0",
      "resolved": "https://registry.npmjs.org/@envelop/types/-/types-5.0.0.tgz",
      "integrity": "sha512-IPjmgSc4KpQRlO4qbEDnBEixvtb06WDmjKfi/7fkZaryh5HuOmTtixe1EupQI5XfXO8joc3d27uUZ0QdC++euA==",
      "dependencies": {
        "tslib": "^2.5.0"
      },
      "engines": {
        "node": ">=18.0.0"
      }
    },
    "node_modules/@faker-js/faker": {
      "version": "8.4.1",
      "resolved": "https://registry.npmjs.org/@faker-js/faker/-/faker-8.4.1.tgz",
      "integrity": "sha512-XQ3cU+Q8Uqmrbf2e0cIC/QN43sTBSC8KF12u29Mb47tWrt2hAgBXSgpZMj4Ao8Uk0iJcU99QsOCaIL8934obCg==",
      "funding": [
        {
          "type": "opencollective",
          "url": "https://opencollective.com/fakerjs"
        }
      ],
      "engines": {
        "node": "^14.17.0 || ^16.13.0 || >=18.0.0",
        "npm": ">=6.14.13"
      }
    },
    "node_modules/@graphql-tools/executor": {
      "version": "1.2.6",
      "resolved": "https://registry.npmjs.org/@graphql-tools/executor/-/executor-1.2.6.tgz",
      "integrity": "sha512-+1kjfqzM5T2R+dCw7F4vdJ3CqG+fY/LYJyhNiWEFtq0ToLwYzR/KKyD8YuzTirEjSxWTVlcBh7endkx5n5F6ew==",
      "dependencies": {
        "@graphql-tools/utils": "^10.1.1",
        "@graphql-typed-document-node/core": "3.2.0",
        "@repeaterjs/repeater": "^3.0.4",
        "tslib": "^2.4.0",
        "value-or-promise": "^1.0.12"
      },
      "engines": {
        "node": ">=16.0.0"
      },
      "peerDependencies": {
        "graphql": "^14.0.0 || ^15.0.0 || ^16.0.0 || ^17.0.0"
      }
    },
    "node_modules/@graphql-tools/merge": {
      "version": "9.0.3",
      "resolved": "https://registry.npmjs.org/@graphql-tools/merge/-/merge-9.0.3.tgz",
      "integrity": "sha512-FeKv9lKLMwqDu0pQjPpF59GY3HReUkWXKsMIuMuJQOKh9BETu7zPEFUELvcw8w+lwZkl4ileJsHXC9+AnsT2Lw==",
      "dependencies": {
        "@graphql-tools/utils": "^10.0.13",
        "tslib": "^2.4.0"
      },
      "engines": {
        "node": ">=16.0.0"
      },
      "peerDependencies": {
        "graphql": "^14.0.0 || ^15.0.0 || ^16.0.0 || ^17.0.0"
      }
    },
    "node_modules/@graphql-tools/schema": {
      "version": "10.0.3",
      "resolved": "https://registry.npmjs.org/@graphql-tools/schema/-/schema-10.0.3.tgz",
      "integrity": "sha512-p28Oh9EcOna6i0yLaCFOnkcBDQECVf3SCexT6ktb86QNj9idnkhI+tCxnwZDh58Qvjd2nURdkbevvoZkvxzCog==",
      "dependencies": {
        "@graphql-tools/merge": "^9.0.3",
        "@graphql-tools/utils": "^10.0.13",
        "tslib": "^2.4.0",
        "value-or-promise": "^1.0.12"
      },
      "engines": {
        "node": ">=16.0.0"
      },
      "peerDependencies": {
        "graphql": "^14.0.0 || ^15.0.0 || ^16.0.0 || ^17.0.0"
      }
    },
    "node_modules/@graphql-tools/utils": {
      "version": "10.1.2",
      "resolved": "https://registry.npmjs.org/@graphql-tools/utils/-/utils-10.1.2.tgz",
      "integrity": "sha512-fX13CYsDnX4yifIyNdiN0cVygz/muvkreWWem6BBw130+ODbRRgfiVveL0NizCEnKXkpvdeTy9Bxvo9LIKlhrw==",
      "dependencies": {
        "@graphql-typed-document-node/core": "^3.1.1",
        "cross-inspect": "1.0.0",
        "dset": "^3.1.2",
        "tslib": "^2.4.0"
      },
      "engines": {
        "node": ">=16.0.0"
      },
      "peerDependencies": {
        "graphql": "^14.0.0 || ^15.0.0 || ^16.0.0 || ^17.0.0"
      }
    },
    "node_modules/@graphql-typed-document-node/core": {
      "version": "3.2.0",
      "resolved": "https://registry.npmjs.org/@graphql-typed-document-node/core/-/core-3.2.0.tgz",
      "integrity": "sha512-mB9oAsNCm9aM3/SOv4YtBMqZbYj10R7dkq8byBqxGY/ncFwhf2oQzMV+LCRlWoDSEBJ3COiR1yeDvMtsoOsuFQ==",
      "peerDependencies": {
        "graphql": "^0.8.0 || ^0.9.0 || ^0.10.0 || ^0.11.0 || ^0.12.0 || ^0.13.0 || ^14.0.0 || ^15.0.0 || ^16.0.0 || ^17.0.0"
      }
    },
    "node_modules/@graphql-yoga/logger": {
      "version": "2.0.0",
      "resolved": "https://registry.npmjs.org/@graphql-yoga/logger/-/logger-2.0.0.tgz",
      "integrity": "sha512-Mg8psdkAp+YTG1OGmvU+xa6xpsAmSir0hhr3yFYPyLNwzUj95DdIwsMpKadDj9xDpYgJcH3Hp/4JMal9DhQimA==",
      "dependencies": {
        "tslib": "^2.5.2"
      },
      "engines": {
        "node": ">=18.0.0"
      }
    },
    "node_modules/@graphql-yoga/subscription": {
      "version": "5.0.0",
      "resolved": "https://registry.npmjs.org/@graphql-yoga/subscription/-/subscription-5.0.0.tgz",
      "integrity": "sha512-Ri7sK8hmxd/kwaEa0YT8uqQUb2wOLsmBMxI90QDyf96lzOMJRgBuNYoEkU1pSgsgmW2glceZ96sRYfaXqwVxUw==",
      "dependencies": {
        "@graphql-yoga/typed-event-target": "^3.0.0",
        "@repeaterjs/repeater": "^3.0.4",
        "@whatwg-node/events": "^0.1.0",
        "tslib": "^2.5.2"
      },
      "engines": {
        "node": ">=18.0.0"
      }
    },
    "node_modules/@graphql-yoga/typed-event-target": {
      "version": "3.0.0",
      "resolved": "https://registry.npmjs.org/@graphql-yoga/typed-event-target/-/typed-event-target-3.0.0.tgz",
      "integrity": "sha512-w+liuBySifrstuHbFrHoHAEyVnDFVib+073q8AeAJ/qqJfvFvAwUPLLtNohR/WDVRgSasfXtl3dcNuVJWN+rjg==",
      "dependencies": {
        "@repeaterjs/repeater": "^3.0.4",
        "tslib": "^2.5.2"
      },
      "engines": {
        "node": ">=18.0.0"
      }
    },
    "node_modules/@kamilkisiela/fast-url-parser": {
      "version": "1.1.4",
      "resolved": "https://registry.npmjs.org/@kamilkisiela/fast-url-parser/-/fast-url-parser-1.1.4.tgz",
      "integrity": "sha512-gbkePEBupNydxCelHCESvFSFM8XPh1Zs/OAVRW/rKpEqPAl5PbOM90Si8mv9bvnR53uPD2s/FiRxdvSejpRJew=="
    },
    "node_modules/@pothos/core": {
      "version": "3.41.0",
      "resolved": "https://registry.npmjs.org/@pothos/core/-/core-3.41.0.tgz",
      "integrity": "sha512-Nb7uPDTXVjdrWqHs5aoD1r6JEdQ9FnJYlf7gv47o1b/bb8rVDAZQaviVvaChal7YQcyFGgCFb0/YNNHLNBEjNw==",
      "peerDependencies": {
        "graphql": ">=15.1.0"
      }
    },
    "node_modules/@repeaterjs/repeater": {
      "version": "3.0.5",
      "resolved": "https://registry.npmjs.org/@repeaterjs/repeater/-/repeater-3.0.5.tgz",
      "integrity": "sha512-l3YHBLAol6d/IKnB9LhpD0cEZWAoe3eFKUyTYWmFmCO2Q/WOckxLQAUyMZWwZV2M/m3+4vgRoaolFqaII82/TA=="
    },
    "node_modules/@whatwg-node/events": {
      "version": "0.1.1",
      "resolved": "https://registry.npmjs.org/@whatwg-node/events/-/events-0.1.1.tgz",
      "integrity": "sha512-AyQEn5hIPV7Ze+xFoXVU3QTHXVbWPrzaOkxtENMPMuNL6VVHrp4hHfDt9nrQpjO7BgvuM95dMtkycX5M/DZR3w==",
      "engines": {
        "node": ">=16.0.0"
      }
    },
    "node_modules/@whatwg-node/fetch": {
      "version": "0.9.17",
      "resolved": "https://registry.npmjs.org/@whatwg-node/fetch/-/fetch-0.9.17.tgz",
      "integrity": "sha512-TDYP3CpCrxwxpiNY0UMNf096H5Ihf67BK1iKGegQl5u9SlpEDYrvnV71gWBGJm+Xm31qOy8ATgma9rm8Pe7/5Q==",
      "dependencies": {
        "@whatwg-node/node-fetch": "^0.5.7",
        "urlpattern-polyfill": "^10.0.0"
      },
      "engines": {
        "node": ">=16.0.0"
      }
    },
    "node_modules/@whatwg-node/node-fetch": {
      "version": "0.5.10",
      "resolved": "https://registry.npmjs.org/@whatwg-node/node-fetch/-/node-fetch-0.5.10.tgz",
      "integrity": "sha512-KIAHepie/T1PRkUfze4t+bPlyvpxlWiXTPtcGlbIZ0vWkBJMdRmCg4ZrJ2y4XaO1eTPo1HlWYUuj1WvoIpumqg==",
      "dependencies": {
        "@kamilkisiela/fast-url-parser": "^1.1.4",
        "@whatwg-node/events": "^0.1.0",
        "busboy": "^1.6.0",
        "fast-querystring": "^1.1.1",
        "tslib": "^2.3.1"
      },
      "engines": {
        "node": ">=16.0.0"
      }
    },
    "node_modules/@whatwg-node/server": {
      "version": "0.9.32",
      "resolved": "https://registry.npmjs.org/@whatwg-node/server/-/server-0.9.32.tgz",
      "integrity": "sha512-PRTRE8ZhObwYx9yRoUdxYkrhCoDk2vyDA5BtaG+NAqEmU1wwbwlXUpaeRRrPuGaM7ScbIkueU25A0GJIRQzccw==",
      "dependencies": {
        "@whatwg-node/fetch": "^0.9.17",
        "tslib": "^2.3.1"
      },
      "engines": {
        "node": ">=16.0.0"
      }
    },
    "node_modules/busboy": {
      "version": "1.6.0",
      "resolved": "https://registry.npmjs.org/busboy/-/busboy-1.6.0.tgz",
      "integrity": "sha512-8SFQbg/0hQ9xy3UNTB0YEnsNBbWfhf7RtnzpL7TkBiTBRfrQ9Fxcnz7VJsleJpyp6rVLvXiuORqjlHi5q+PYuA==",
      "dependencies": {
        "streamsearch": "^1.1.0"
      },
      "engines": {
        "node": ">=10.16.0"
      }
    },
    "node_modules/cross-inspect": {
      "version": "1.0.0",
      "resolved": "https://registry.npmjs.org/cross-inspect/-/cross-inspect-1.0.0.tgz",
      "integrity": "sha512-4PFfn4b5ZN6FMNGSZlyb7wUhuN8wvj8t/VQHZdM4JsDcruGJ8L2kf9zao98QIrBPFCpdk27qst/AGTl7pL3ypQ==",
      "dependencies": {
        "tslib": "^2.4.0"
      },
      "engines": {
        "node": ">=16.0.0"
      }
    },
    "node_modules/dset": {
      "version": "3.1.3",
      "resolved": "https://registry.npmjs.org/dset/-/dset-3.1.3.tgz",
      "integrity": "sha512-20TuZZHCEZ2O71q9/+8BwKwZ0QtD9D8ObhrihJPr+vLLYlSuAU3/zL4cSlgbfeoGHTjCSJBa7NGcrF9/Bx/WJQ==",
      "engines": {
        "node": ">=4"
      }
    },
    "node_modules/fast-decode-uri-component": {
      "version": "1.0.1",
      "resolved": "https://registry.npmjs.org/fast-decode-uri-component/-/fast-decode-uri-component-1.0.1.tgz",
      "integrity": "sha512-WKgKWg5eUxvRZGwW8FvfbaH7AXSh2cL+3j5fMGzUMCxWBJ3dV3a7Wz8y2f/uQ0e3B6WmodD3oS54jTQ9HVTIIg=="
    },
    "node_modules/fast-querystring": {
      "version": "1.1.2",
      "resolved": "https://registry.npmjs.org/fast-querystring/-/fast-querystring-1.1.2.tgz",
      "integrity": "sha512-g6KuKWmFXc0fID8WWH0jit4g0AGBoJhCkJMb1RmbsSEUNvQ+ZC8D6CUZ+GtF8nMzSPXnhiePyyqqipzNNEnHjg==",
      "dependencies": {
        "fast-decode-uri-component": "^1.0.1"
      }
    },
    "node_modules/graphql": {
      "version": "16.8.1",
      "resolved": "https://registry.npmjs.org/graphql/-/graphql-16.8.1.tgz",
      "integrity": "sha512-59LZHPdGZVh695Ud9lRzPBVTtlX9ZCV150Er2W43ro37wVof0ctenSaskPPjN7lVTIN8mSZt8PHUNKZuNQUuxw==",
      "engines": {
        "node": "^12.22.0 || ^14.16.0 || ^16.0.0 || >=17.0.0"
      }
    },
    "node_modules/graphql-yoga": {
      "version": "5.0.1",
      "resolved": "https://registry.npmjs.org/graphql-yoga/-/graphql-yoga-5.0.1.tgz",
      "integrity": "sha512-tcdJOjEv5am5TOGX6TcKDyLT5azrnZ38Y+WUgnbYSYeYX12AKuEju94Sr1ixACvruQo6EyogfKpUGwtb7LQYCw==",
      "dependencies": {
        "@envelop/core": "^5.0.0",
        "@graphql-tools/executor": "^1.0.0",
        "@graphql-tools/schema": "^10.0.0",
        "@graphql-tools/utils": "^10.0.0",
        "@graphql-yoga/logger": "^2.0.0",
        "@graphql-yoga/subscription": "^5.0.0",
        "@whatwg-node/fetch": "^0.9.7",
        "@whatwg-node/server": "^0.9.1",
        "dset": "^3.1.1",
        "lru-cache": "^10.0.0",
        "tslib": "^2.5.2"
      },
      "engines": {
        "node": ">=18.0.0"
      },
      "peerDependencies": {
        "graphql": "^15.2.0 || ^16.0.0"
      }
    },
    "node_modules/lru-cache": {
      "version": "10.2.0",
      "resolved": "https://registry.npmjs.org/lru-cache/-/lru-cache-10.2.0.tgz",
      "integrity": "sha512-2bIM8x+VAf6JT4bKAljS1qUWgMsqZRPGJS6FSahIMPVvctcNhyVp7AJu7quxOW9jwkryBReKZY5tY5JYv2n/7Q==",
      "engines": {
        "node": "14 || >=16.14"
      }
    },
    "node_modules/streamsearch": {
      "version": "1.1.0",
      "resolved": "https://registry.npmjs.org/streamsearch/-/streamsearch-1.1.0.tgz",
      "integrity": "sha512-Mcc5wHehp9aXz1ax6bZUyY5afg9u2rv5cqQI3mRrYkGC8rW2hM02jWuwjtL++LS5qinSyhj2QfLyNsuc+VsExg==",
      "engines": {
        "node": ">=10.0.0"
      }
    },
    "node_modules/tslib": {
      "version": "2.6.2",
      "resolved": "https://registry.npmjs.org/tslib/-/tslib-2.6.2.tgz",
      "integrity": "sha512-AEYxH93jGFPn/a2iVAwW87VuUIkR1FVUKB77NwMF7nBTDkDrrT/Hpt/IrCJ0QXhW27jTBDcf5ZY7w6RiqTMw2Q=="
    },
    "node_modules/urlpattern-polyfill": {
      "version": "10.0.0",
      "resolved": "https://registry.npmjs.org/urlpattern-polyfill/-/urlpattern-polyfill-10.0.0.tgz",
      "integrity": "sha512-H/A06tKD7sS1O1X2SshBVeA5FLycRpjqiBeqGKmBwBDBy28EnRjORxTNe269KSSr5un5qyWi1iL61wLxpd+ZOg=="
    },
    "node_modules/value-or-promise": {
      "version": "1.0.12",
      "resolved": "https://registry.npmjs.org/value-or-promise/-/value-or-promise-1.0.12.tgz",
      "integrity": "sha512-Z6Uz+TYwEqE7ZN50gwn+1LCVo9ZVrpxRPOhOLnncYkY1ZzOYtrX8Fwf/rFktZ8R5mJms6EZf5TqNOMeZmnPq9Q==",
      "engines": {
        "node": ">=12"
      }
    }
  }
}
